{
  "name": "@rogerchappel/skillscan",
  "version": "0.1.0",
  "lockfileVersion": 3,
  "requires": true,
  "packages": {
    "": {
      "name": "@rogerchappel/skillscan",
      "version": "0.1.0",
      "license": "MIT",
      "bin": {
        "skillscan": "src/index.js"
      },
      "engines": {
        "node": ">=22"
      }
    }
  }
}
